
Microsoft Visual Studio Solution File, Format Version 12.00
# Visual Studio Version 17
VisualStudioVersion = 17.4.33122.133
MinimumVisualStudioVersion = 10.0.40219.1
Project("{9A19103F-16F7-4668-BE54-9A1E7A4F7556}") = "CPApplication", "CPApplication\CPApplication.csproj", "{FDA46ECE-6EC6-4039-BE08-4899DFF6BBB8}"
EndProject
Global
	GlobalSection(SolutionConfigurationPlatforms) = preSolution
		Debug|Any CPU = Debug|Any CPU
		Release|Any CPU = Release|Any CPU
	EndGlobalSection
	GlobalSection(ProjectConfigurationPlatforms) = postSolution
		{FDA46ECE-6EC6-4039-BE08-4899DFF6BBB8}.Debug|Any CPU.ActiveCfg = Debug|Any CPU
		{FDA46ECE-6EC6-4039-BE08-4899DFF6BBB8}.Debug|Any CPU.Build.0 = Debug|Any CPU
		{FDA46ECE-6EC6-4039-BE08-4899DFF6BBB8}.Release|Any CPU.ActiveCfg = Release|Any CPU
		{FDA46ECE-6EC6-4039-BE08-4899DFF6BBB8}.Release|Any CPU.Build.0 = Release|Any CPU
	EndGlobalSection
	GlobalSection(SolutionProperties) = preSolution
		HideSolutionNode = FALSE
	EndGlobalSection
	GlobalSection(ExtensibilityGlobals) = postSolution
		SolutionGuid = {CF2CE361-E3CE-4371-856E-C2568A4B911D}
	EndGlobalSection
EndGlobal
